
Microsoft Visual Studio Solution File, Format Version 12.00
# Visual Studio 15
Project("{FAE04EC0-301F-11D3-BF4B-00C04F79EFBC}") = "SimpleWebTransport", "SimpleWebTransport.csproj", "{2B0932B0-CAF1-8FA0-B149-2D8F5DCB490F}"
EndProject
Project("{FAE04EC0-301F-11D3-BF4B-00C04F79EFBC}") = "Mirror", "Mirror.csproj", "{E848F868-DA6E-D700-D454-7F347EA2B039}"
EndProject
Project("{FAE04EC0-301F-11D3-BF4B-00C04F79EFBC}") = "Mirror.Components", "Mirror.Components.csproj", "{3B75A34B-36FA-3C62-AF18-A42EAB492D65}"
EndProject
Project("{FAE04EC0-301F-11D3-BF4B-00C04F79EFBC}") = "Assembly-CSharp", "Assembly-CSharp.csproj", "{A8526676-135F-8A11-1A37-73E8602F0EBF}"
EndProject
Project("{FAE04EC0-301F-11D3-BF4B-00C04F79EFBC}") = "Mirror.Transports", "Mirror.Transports.csproj", "{5E25B7A5-E288-42EF-5A9F-54ACB117CC4F}"
EndProject
Project("{FAE04EC0-301F-11D3-BF4B-00C04F79EFBC}") = "Telepathy", "Telepathy.csproj", "{A03A3E9F-4ED6-7FE8-64BC-8170BF260B57}"
EndProject
Project("{FAE04EC0-301F-11D3-BF4B-00C04F79EFBC}") = "kcp2k", "kcp2k.csproj", "{3375AD02-D760-0A55-6009-72459C9659A0}"
EndProject
Project("{FAE04EC0-301F-11D3-BF4B-00C04F79EFBC}") = "MultiplexTransport", "MultiplexTransport.csproj", "{C52F54DE-C0A8-4193-9CAC-F9610A88AEF0}"
EndProject
Project("{FAE04EC0-301F-11D3-BF4B-00C04F79EFBC}") = "MiddlewareTransport", "MiddlewareTransport.csproj", "{9B16CE7D-93E8-A9A2-2140-DC4250629056}"
EndProject
Project("{FAE04EC0-301F-11D3-BF4B-00C04F79EFBC}") = "Mirror.Authenticators", "Mirror.Authenticators.csproj", "{1F03ACC6-B555-1D56-966E-0137640C6062}"
EndProject
Project("{FAE04EC0-301F-11D3-BF4B-00C04F79EFBC}") = "Unity.Mirror.CodeGen", "Unity.Mirror.CodeGen.csproj", "{782C1629-4056-E43C-4DD2-27AC2D05FE02}"
EndProject
Project("{FAE04EC0-301F-11D3-BF4B-00C04F79EFBC}") = "Mirror.Editor", "Mirror.Editor.csproj", "{333C67F3-E360-3CD1-FE0A-CC0D975E28C4}"
EndProject
Project("{FAE04EC0-301F-11D3-BF4B-00C04F79EFBC}") = "Mirror.CompilerSymbols", "Mirror.CompilerSymbols.csproj", "{A1834D14-7576-9AC5-A3D3-4AD893CD3329}"
EndProject
Global
	GlobalSection(SolutionConfigurationPlatforms) = preSolution
		Debug|Any CPU = Debug|Any CPU
		Release|Any CPU = Release|Any CPU
	EndGlobalSection
	GlobalSection(ProjectConfigurationPlatforms) = postSolution
		{2B0932B0-CAF1-8FA0-B149-2D8F5DCB490F}.Debug|Any CPU.ActiveCfg = Debug|Any CPU
		{2B0932B0-CAF1-8FA0-B149-2D8F5DCB490F}.Debug|Any CPU.Build.0 = Debug|Any CPU
		{2B0932B0-CAF1-8FA0-B149-2D8F5DCB490F}.Release|Any CPU.ActiveCfg = Release|Any CPU
		{2B0932B0-CAF1-8FA0-B149-2D8F5DCB490F}.Release|Any CPU.Build.0 = Release|Any CPU
		{E848F868-DA6E-D700-D454-7F347EA2B039}.Debug|Any CPU.ActiveCfg = Debug|Any CPU
		{E848F868-DA6E-D700-D454-7F347EA2B039}.Debug|Any CPU.Build.0 = Debug|Any CPU
		{E848F868-DA6E-D700-D454-7F347EA2B039}.Release|Any CPU.ActiveCfg = Release|Any CPU
		{E848F868-DA6E-D700-D454-7F347EA2B039}.Release|Any CPU.Build.0 = Release|Any CPU
		{3B75A34B-36FA-3C62-AF18-A42EAB492D65}.Debug|Any CPU.ActiveCfg = Debug|Any CPU
		{3B75A34B-36FA-3C62-AF18-A42EAB492D65}.Debug|Any CPU.Build.0 = Debug|Any CPU
		{3B75A34B-36FA-3C62-AF18-A42EAB492D65}.Release|Any CPU.ActiveCfg = Release|Any CPU
		{3B75A34B-36FA-3C62-AF18-A42EAB492D65}.Release|Any CPU.Build.0 = Release|Any CPU
		{A8526676-135F-8A11-1A37-73E8602F0EBF}.Debug|Any CPU.ActiveCfg = Debug|Any CPU
		{A8526676-135F-8A11-1A37-73E8602F0EBF}.Debug|Any CPU.Build.0 = Debug|Any CPU
		{A8526676-135F-8A11-1A37-73E8602F0EBF}.Release|Any CPU.ActiveCfg = Release|Any CPU
		{A8526676-135F-8A11-1A37-73E8602F0EBF}.Release|Any CPU.Build.0 = Release|Any CPU
		{5E25B7A5-E288-42EF-5A9F-54ACB117CC4F}.Debug|Any CPU.ActiveCfg = Debug|Any CPU
		{5E25B7A5-E288-42EF-5A9F-54ACB117CC4F}.Debug|Any CPU.Build.0 = Debug|Any CPU
		{5E25B7A5-E288-42EF-5A9F-54ACB117CC4F}.Release|Any CPU.ActiveCfg = Release|Any CPU
		{5E25B7A5-E288-42EF-5A9F-54ACB117CC4F}.Release|Any CPU.Build.0 = Release|Any CPU
		{A03A3E9F-4ED6-7FE8-64BC-8170BF260B57}.Debug|Any CPU.ActiveCfg = Debug|Any CPU
		{A03A3E9F-4ED6-7FE8-64BC-8170BF260B57}.Debug|Any CPU.Build.0 = Debug|Any CPU
		{A03A3E9F-4ED6-7FE8-64BC-8170BF260B57}.Release|Any CPU.ActiveCfg = Release|Any CPU
		{A03A3E9F-4ED6-7FE8-64BC-8170BF260B57}.Release|Any CPU.Build.0 = Release|Any CPU
		{3375AD02-D760-0A55-6009-72459C9659A0}.Debug|Any CPU.ActiveCfg = Debug|Any CPU
		{3375AD02-D760-0A55-6009-72459C9659A0}.Debug|Any CPU.Build.0 = Debug|Any CPU
		{3375AD02-D760-0A55-6009-72459C9659A0}.Release|Any CPU.ActiveCfg = Release|Any CPU
		{3375AD02-D760-0A55-6009-72459C9659A0}.Release|Any CPU.Build.0 = Release|Any CPU
		{C52F54DE-C0A8-4193-9CAC-F9610A88AEF0}.Debug|Any CPU.ActiveCfg = Debug|Any CPU
		{C52F54DE-C0A8-4193-9CAC-F9610A88AEF0}.Debug|Any CPU.Build.0 = Debug|Any CPU
		{C52F54DE-C0A8-4193-9CAC-F9610A88AEF0}.Release|Any CPU.ActiveCfg = Release|Any CPU
		{C52F54DE-C0A8-4193-9CAC-F9610A88AEF0}.Release|Any CPU.Build.0 = Release|Any CPU
		{9B16CE7D-93E8-A9A2-2140-DC4250629056}.Debug|Any CPU.ActiveCfg = Debug|Any CPU
		{9B16CE7D-93E8-A9A2-2140-DC4250629056}.Debug|Any CPU.Build.0 = Debug|Any CPU
		{9B16CE7D-93E8-A9A2-2140-DC4250629056}.Release|Any CPU.ActiveCfg = Release|Any CPU
		{9B16CE7D-93E8-A9A2-2140-DC4250629056}.Release|Any CPU.Build.0 = Release|Any CPU
		{1F03ACC6-B555-1D56-966E-0137640C6062}.Debug|Any CPU.ActiveCfg = Debug|Any CPU
		{1F03ACC6-B555-1D56-966E-0137640C6062}.Debug|Any CPU.Build.0 = Debug|Any CPU
		{1F03ACC6-B555-1D56-966E-0137640C6062}.Release|Any CPU.ActiveCfg = Release|Any CPU
		{1F03ACC6-B555-1D56-966E-0137640C6062}.Release|Any CPU.Build.0 = Release|Any CPU
		{782C1629-4056-E43C-4DD2-27AC2D05FE02}.Debug|Any CPU.ActiveCfg = Debug|Any CPU
		{782C1629-4056-E43C-4DD2-27AC2D05FE02}.Debug|Any CPU.Build.0 = Debug|Any CPU
		{782C1629-4056-E43C-4DD2-27AC2D05FE02}.Release|Any CPU.ActiveCfg = Release|Any CPU
		{782C1629-4056-E43C-4DD2-27AC2D05FE02}.Release|Any CPU.Build.0 = Release|Any CPU
		{333C67F3-E360-3CD1-FE0A-CC0D975E28C4}.Debug|Any CPU.ActiveCfg = Debug|Any CPU
		{333C67F3-E360-3CD1-FE0A-CC0D975E28C4}.Debug|Any CPU.Build.0 = Debug|Any CPU
		{333C67F3-E360-3CD1-FE0A-CC0D975E28C4}.Release|Any CPU.ActiveCfg = Release|Any CPU
		{333C67F3-E360-3CD1-FE0A-CC0D975E28C4}.Release|Any CPU.Build.0 = Release|Any CPU
		{A1834D14-7576-9AC5-A3D3-4AD893CD3329}.Debug|Any CPU.ActiveCfg = Debug|Any CPU
		{A1834D14-7576-9AC5-A3D3-4AD893CD3329}.Debug|Any CPU.Build.0 = Debug|Any CPU
		{A1834D14-7576-9AC5-A3D3-4AD893CD3329}.Release|Any CPU.ActiveCfg = Release|Any CPU
		{A1834D14-7576-9AC5-A3D3-4AD893CD3329}.Release|Any CPU.Build.0 = Release|Any CPU
	EndGlobalSection
	GlobalSection(SolutionProperties) = preSolution
		HideSolutionNode = FALSE
	EndGlobalSection
EndGlobal
